{
  "name": "@ludlovian/diff-object",
  "version": "0.4.1",
  "lockfileVersion": 3,
  "requires": true,
  "packages": {
    "": {
      "name": "@ludlovian/diff-object",
      "version": "0.4.1",
      "license": "Unlicense",
      "dependencies": {
        "@ludlovian/equal": "file:../equal"
      }
    },
    "../equal": {
      "name": "@ludlovian/equal",
      "version": "0.1.0",
      "license": "Unlicense"
    },
    "node_modules/@ludlovian/equal": {
      "resolved": "../equal",
      "link": true
    }
  }
}
