lockfileVersion: '9.0'

settings:
  autoInstallPeers: true
  excludeLinksFromLockfile: false

importers:

  .:
    dependencies:
      '@ludlovian/equal':
        specifier: github:ludlovian/equal
        version: https://codeload.github.com/ludlovian/equal/tar.gz/9af158101cc2b0cee715fb85b0f61a26858f24c5

packages:

  '@ludlovian/equal@https://codeload.github.com/ludlovian/equal/tar.gz/9af158101cc2b0cee715fb85b0f61a26858f24c5':
    resolution: {tarball: https://codeload.github.com/ludlovian/equal/tar.gz/9af158101cc2b0cee715fb85b0f61a26858f24c5}
    version: 0.1.0

snapshots:

  '@ludlovian/equal@https://codeload.github.com/ludlovian/equal/tar.gz/9af158101cc2b0cee715fb85b0f61a26858f24c5': {}
