lockfileVersion: '9.0'

settings:
  autoInstallPeers: true
  excludeLinksFromLockfile: false

importers:

  .:
    dependencies:
      pixutil:
        specifier: github:ludlovian/pixutil
        version: https://codeload.github.com/ludlovian/pixutil/tar.gz/48943b90fbe02e49fb572f71e3e907854790c378

packages:

  pixutil@https://codeload.github.com/ludlovian/pixutil/tar.gz/48943b90fbe02e49fb572f71e3e907854790c378:
    resolution: {tarball: https://codeload.github.com/ludlovian/pixutil/tar.gz/48943b90fbe02e49fb572f71e3e907854790c378}
    version: 1.10.0

snapshots:

  pixutil@https://codeload.github.com/ludlovian/pixutil/tar.gz/48943b90fbe02e49fb572f71e3e907854790c378: {}
